// !$*UTF8*$!
{
	archiveVersion = 1;
	classes = {
	};
	objectVersion = 56;
	objects = {

/* Begin PBXBuildFile section */
		EE9327B32A3C5E4E0069D4B9 /* AppDelegate.swift in Sources */ = {isa = PBXBuildFile; fileRef = EE9327B22A3C5E4E0069D4B9 /* AppDelegate.swift */; };
		EE9327B72A3C5E4E0069D4B9 /* ViewController.swift in Sources */ = {isa = PBXBuildFile; fileRef = EE9327B62A3C5E4E0069D4B9 /* ViewController.swift */; };
		EE9327BA2A3C5E4E0069D4B9 /* Main.storyboard in Resources */ = {isa = PBXBuildFile; fileRef = EE9327B82A3C5E4E0069D4B9 /* Main.storyboard */; };
		EE9327BC2A3C5E4F0069D4B9 /* Assets.xcassets in Resources */ = {isa = PBXBuildFile; fileRef = EE9327BB2A3C5E4F0069D4B9 /* Assets.xcassets */; };
		EE9327BF2A3C5E4F0069D4B9 /* LaunchScreen.storyboard in Resources */ = {isa = PBXBuildFile; fileRef = EE9327BD2A3C5E4F0069D4B9 /* LaunchScreen.storyboard */; };
		EE9327C82A3C5F710069D4B9 /* FirebaseDynamicLinks in Frameworks */ = {isa = PBXBuildFile; productRef = EE9327C72A3C5F710069D4B9 /* FirebaseDynamicLinks */; };
		EE9327CB2A3CA15C0069D4B9 /* GoogleService-Info.plist in Resources */ = {isa = PBXBuildFile; fileRef = EE9327CA2A3CA15C0069D4B9 /* GoogleService-Info.plist */; };
/* End PBXBuildFile section */

/* Begin PBXFileReference section */
		EE9327AF2A3C5E4E0069D4B9 /* iOS Deeplink.app */ = {isa = PBXFileReference; explicitFileType = wrapper.application; includeInIndex = 0; path = "iOS Deeplink.app"; sourceTree = BUILT_PRODUCTS_DIR; };
		EE9327B22A3C5E4E0069D4B9 /* AppDelegate.swift */ = {isa = PBXFileReference; lastKnownFileType = sourcecode.swift; path = AppDelegate.swift; sourceTree = "<group>"; };
		EE9327B62A3C5E4E0069D4B9 /* ViewController.swift */ = {isa = PBXFileReference; lastKnownFileType = sourcecode.swift; path = ViewController.swift; sourceTree = "<group>"; };
		EE9327B92A3C5E4E0069D4B9 /* Base */ = {isa = PBXFileReference; lastKnownFileType = file.storyboard; name = Base; path = Base.lproj/Main.storyboard; sourceTree = "<group>"; };
		EE9327BB2A3C5E4F0069D4B9 /* Assets.xcassets */ = {isa = PBXFileReference; lastKnownFileType = folder.assetcatalog; path = Assets.xcassets; sourceTree = "<group>"; };
		EE9327BE2A3C5E4F0069D4B9 /* Base */ = {isa = PBXFileReference; lastKnownFileType = file.storyboard; name = Base; path = Base.lproj/LaunchScreen.storyboard; sourceTree = "<group>"; };
		EE9327C02A3C5E4F0069D4B9 /* Info.plist */ = {isa = PBXFileReference; lastKnownFileType = text.plist.xml; path = Info.plist; sourceTree = "<group>"; };
		EE9327C92A3C5F810069D4B9 /* iOS Deeplink.entitlements */ = {isa = PBXFileReference; lastKnownFileType = text.plist.entitlements; path = "iOS Deeplink.entitlements"; sourceTree = "<group>"; };
		EE9327CA2A3CA15C0069D4B9 /* GoogleService-Info.plist */ = {isa = PBXFileReference; fileEncoding = 4; lastKnownFileType = text.plist.xml; path = "GoogleService-Info.plist"; sourceTree = "<group>"; };
/* End PBXFileReference section */

/* Begin PBXFrameworksBuildPhase section */
		EE9327AC2A3C5E4E0069D4B9 /* Frameworks */ = {
			isa = PBXFrameworksBuildPhase;
			buildActionMask = 2147483647;
			files = (
				EE9327C82A3C5F710069D4B9 /* FirebaseDynamicLinks in Frameworks */,
			);
			runOnlyForDeploymentPostprocessing = 0;
		};
/* End PBXFrameworksBuildPhase section */

/* Begin PBXGroup section */
		EE9327A62A3C5E4D0069D4B9 = {
			isa = PBXGroup;
			children = (
				EE9327B12A3C5E4E0069D4B9 /* iOS Deeplink */,
				EE9327B02A3C5E4E0069D4B9 /* Products */,
			);
			sourceTree = "<group>";
		};
		EE9327B02A3C5E4E0069D4B9 /* Products */ = {
			isa = PBXGroup;
			children = (
				EE9327AF2A3C5E4E0069D4B9 /* iOS Deeplink.app */,
			);
			name = Products;
			sourceTree = "<group>";
		};
		EE9327B12A3C5E4E0069D4B9 /* iOS Deeplink */ = {
			isa = PBXGroup;
			children = (
				EE9327C92A3C5F810069D4B9 /* iOS Deeplink.entitlements */,
				EE9327B22A3C5E4E0069D4B9 /* AppDelegate.swift */,
				EE9327B62A3C5E4E0069D4B9 /* ViewController.swift */,
				EE9327B82A3C5E4E0069D4B9 /* Main.storyboard */,
				EE9327BB2A3C5E4F0069D4B9 /* Assets.xcassets */,
				EE9327BD2A3C5E4F0069D4B9 /* LaunchScreen.storyboard */,
				EE9327C02A3C5E4F0069D4B9 /* Info.plist */,
				EE9327CA2A3CA15C0069D4B9 /* GoogleService-Info.plist */,
			);
			path = "iOS Deeplink";
			sourceTree = "<group>";
		};
/* End PBXGroup section */

/* Begin PBXNativeTarget section */
		EE9327AE2A3C5E4E0069D4B9 /* iOS Deeplink */ = {
			isa = PBXNativeTarget;
			buildConfigurationList = EE9327C32A3C5E4F0069D4B9 /* Build configuration list for PBXNativeTarget "iOS Deeplink" */;
			buildPhases = (
				EE9327AB2A3C5E4E0069D4B9 /* Sources */,
				EE9327AC2A3C5E4E0069D4B9 /* Frameworks */,
				EE9327AD2A3C5E4E0069D4B9 /* Resources */,
			);
			buildRules = (
			);
			dependencies = (
			);
			name = "iOS Deeplink";
			packageProductDependencies = (
				EE9327C72A3C5F710069D4B9 /* FirebaseDynamicLinks */,
			);
			productName = "iOS Deeplink";
			productReference = EE9327AF2A3C5E4E0069D4B9 /* iOS Deeplink.app */;
			productType = "com.apple.product-type.application";
		};
/* End PBXNativeTarget section */

/* Begin PBXProject section */
		EE9327A72A3C5E4D0069D4B9 /* Project object */ = {
			isa = PBXProject;
			attributes = {
				BuildIndependentTargetsInParallel = 1;
				LastSwiftUpdateCheck = 1420;
				LastUpgradeCheck = 1420;
				TargetAttributes = {
					EE9327AE2A3C5E4E0069D4B9 = {
						CreatedOnToolsVersion = 14.2;
					};
				};
			};
			buildConfigurationList = EE9327AA2A3C5E4D0069D4B9 /* Build configuration list for PBXProject "iOS Deeplink" */;
			compatibilityVersion = "Xcode 14.0";
			developmentRegion = en;
			hasScannedForEncodings = 0;
			knownRegions = (
				en,
				Base,
			);
			mainGroup = EE9327A62A3C5E4D0069D4B9;
			packageReferences = (
				EE9327C62A3C5F710069D4B9 /* XCRemoteSwiftPackageReference "firebase-ios-sdk" */,
			);
			productRefGroup = EE9327B02A3C5E4E0069D4B9 /* Products */;
			projectDirPath = "";
			projectRoot = "";
			targets = (
				EE9327AE2A3C5E4E0069D4B9 /* iOS Deeplink */,
			);
		};
/* End PBXProject section */

/* Begin PBXResourcesBuildPhase section */
		EE9327AD2A3C5E4E0069D4B9 /* Resources */ = {
			isa = PBXResourcesBuildPhase;
			buildActionMask = 2147483647;
			files = (
				EE9327BF2A3C5E4F0069D4B9 /* LaunchScreen.storyboard in Resources */,
				EE9327CB2A3CA15C0069D4B9 /* GoogleService-Info.plist in Resources */,
				EE9327BC2A3C5E4F0069D4B9 /* Assets.xcassets in Resources */,
				EE9327BA2A3C5E4E0069D4B9 /* Main.storyboard in Resources */,
			);
			runOnlyForDeploymentPostprocessing = 0;
		};
/* End PBXResourcesBuildPhase section */

/* Begin PBXSourcesBuildPhase section */
		EE9327AB2A3C5E4E0069D4B9 /* Sources */ = {
			isa = PBXSourcesBuildPhase;
			buildActionMask = 2147483647;
			files = (
				EE9327B72A3C5E4E0069D4B9 /* ViewController.swift in Sources */,
				EE9327B32A3C5E4E0069D4B9 /* AppDelegate.swift in Sources */,
			);
			runOnlyForDeploymentPostprocessing = 0;
		};
/* End PBXSourcesBuildPhase section */

/* Begin PBXVariantGroup section */
		EE9327B82A3C5E4E0069D4B9 /* Main.storyboard */ = {
			isa = PBXVariantGroup;
			children = (
				EE9327B92A3C5E4E0069D4B9 /* Base */,
			);
			name = Main.storyboard;
			sourceTree = "<group>";
		};
		EE9327BD2A3C5E4F0069D4B9 /* LaunchScreen.storyboard */ = {
			isa = PBXVariantGroup;
			children = (
				EE9327BE2A3C5E4F0069D4B9 /* Base */,
			);
			name = LaunchScreen.storyboard;
			sourceTree = "<group>";
		};
/* End PBXVariantGroup section */

/* Begin XCBuildConfiguration section */
		EE9327C12A3C5E4F0069D4B9 /* Debug */ = {
			isa = XCBuildConfiguration;
			buildSettings = {
				ALWAYS_SEARCH_USER_PATHS = NO;
				CLANG_ANALYZER_NONNULL = YES;
				CLANG_ANALYZER_NUMBER_OBJECT_CONVERSION = YES_AGGRESSIVE;
				CLANG_CXX_LANGUAGE_STANDARD = "gnu++20";
				CLANG_ENABLE_MODULES = YES;
				CLANG_ENABLE_OBJC_ARC = YES;
				CLANG_ENABLE_OBJC_WEAK = YES;
				CLANG_WARN_BLOCK_CAPTURE_AUTORELEASING = YES;
				CLANG_WARN_BOOL_CONVERSION = YES;
				CLANG_WARN_COMMA = YES;
				CLANG_WARN_CONSTANT_CONVERSION = YES;
				CLANG_WARN_DEPRECATED_OBJC_IMPLEMENTATIONS = YES;
				CLANG_WARN_DIRECT_OBJC_ISA_USAGE = YES_ERROR;
				CLANG_WARN_DOCUMENTATION_COMMENTS = YES;
				CLANG_WARN_EMPTY_BODY = YES;
				CLANG_WARN_ENUM_CONVERSION = YES;
				CLANG_WARN_INFINITE_RECURSION = YES;
				CLANG_WARN_INT_CONVERSION = YES;
				CLANG_WARN_NON_LITERAL_NULL_CONVERSION = YES;
				CLANG_WARN_OBJC_IMPLICIT_RETAIN_SELF = YES;
				CLANG_WARN_OBJC_LITERAL_CONVERSION = YES;
				CLANG_WARN_OBJC_ROOT_CLASS = YES_ERROR;
				CLANG_WARN_QUOTED_INCLUDE_IN_FRAMEWORK_HEADER = YES;
				CLANG_WARN_RANGE_LOOP_ANALYSIS = YES;
				CLANG_WARN_STRICT_PROTOTYPES = YES;
				CLANG_WARN_SUSPICIOUS_MOVE = YES;
				CLANG_WARN_UNGUARDED_AVAILABILITY = YES_AGGRESSIVE;
				CLANG_WARN_UNREACHABLE_CODE = YES;
				CLANG_WARN__DUPLICATE_METHOD_MATCH = YES;
				COPY_PHASE_STRIP = NO;
				DEBUG_INFORMATION_FORMAT = dwarf;
				ENABLE_STRICT_OBJC_MSGSEND = YES;
				ENABLE_TESTABILITY = YES;
				GCC_C_LANGUAGE_STANDARD = gnu11;
				GCC_DYNAMIC_NO_PIC = NO;
				GCC_NO_COMMON_BLOCKS = YES;
				GCC_OPTIMIZATION_LEVEL = 0;
				GCC_PREPROCESSOR_DEFINITIONS = (
					"DEBUG=1",
					"$(inherited)",
				);
				GCC_WARN_64_TO_32_BIT_CONVERSION = YES;
				GCC_WARN_ABOUT_RETURN_TYPE = YES_ERROR;
				GCC_WARN_UNDECLARED_SELECTOR = YES;
				GCC_WARN_UNINITIALIZED_AUTOS = YES_AGGRESSIVE;
				GCC_WARN_UNUSED_FUNCTION = YES;
				GCC_WARN_UNUSED_VARIABLE = YES;
				IPHONEOS_DEPLOYMENT_TARGET = 16.2;
				MTL_ENABLE_DEBUG_INFO = INCLUDE_SOURCE;
				MTL_FAST_MATH = YES;
				ONLY_ACTIVE_ARCH = YES;
				SDKROOT = iphoneos;
				SWIFT_ACTIVE_COMPILATION_CONDITIONS = DEBUG;
				SWIFT_OPTIMIZATION_LEVEL = "-Onone";
			};
			name = Debug;
		};
		EE9327C22A3C5E4F0069D4B9 /* Release */ = {
			isa = XCBuildConfiguration;
			buildSettings = {
				ALWAYS_SEARCH_USER_PATHS = NO;
				CLANG_ANALYZER_NONNULL = YES;
				CLANG_ANALYZER_NUMBER_OBJECT_CONVERSION = YES_AGGRESSIVE;
				CLANG_CXX_LANGUAGE_STANDARD = "gnu++20";
				CLANG_ENABLE_MODULES = YES;
				CLANG_ENABLE_OBJC_ARC = YES;
				CLANG_ENABLE_OBJC_WEAK = YES;
				CLANG_WARN_BLOCK_CAPTURE_AUTORELEASING = YES;
				CLANG_WARN_BOOL_CONVERSION = YES;
				CLANG_WARN_COMMA = YES;
				CLANG_WARN_CONSTANT_CONVERSION = YES;
				CLANG_WARN_DEPRECATED_OBJC_IMPLEMENTATIONS = YES;
				CLANG_WARN_DIRECT_OBJC_ISA_USAGE = YES_ERROR;
				CLANG_WARN_DOCUMENTATION_COMMENTS = YES;
				CLANG_WARN_EMPTY_BODY = YES;
				CLANG_WARN_ENUM_CONVERSION = YES;
				CLANG_WARN_INFINITE_RECURSION = YES;
				CLANG_WARN_INT_CONVERSION = YES;
				CLANG_WARN_NON_LITERAL_NULL_CONVERSION = YES;
				CLANG_WARN_OBJC_IMPLICIT_RETAIN_SELF = YES;
				CLANG_WARN_OBJC_LITERAL_CONVERSION = YES;
				CLANG_WARN_OBJC_ROOT_CLASS = YES_ERROR;
				CLANG_WARN_QUOTED_INCLUDE_IN_FRAMEWORK_HEADER = YES;
				CLANG_WARN_RANGE_LOOP_ANALYSIS = YES;
				CLANG_WARN_STRICT_PROTOTYPES = YES;
				CLANG_WARN_SUSPICIOUS_MOVE = YES;
				CLANG_WARN_UNGUARDED_AVAILABILITY = YES_AGGRESSIVE;
				CLANG_WARN_UNREACHABLE_CODE = YES;
				CLANG_WARN__DUPLICATE_METHOD_MATCH = YES;
				COPY_PHASE_STRIP = NO;
				DEBUG_INFORMATION_FORMAT = "dwarf-with-dsym";
				ENABLE_NS_ASSERTIONS = NO;
				ENABLE_STRICT_OBJC_MSGSEND = YES;
				GCC_C_LANGUAGE_STANDARD = gnu11;
				GCC_NO_COMMON_BLOCKS = YES;
				GCC_WARN_64_TO_32_BIT_CONVERSION = YES;
				GCC_WARN_ABOUT_RETURN_TYPE = YES_ERROR;
				GCC_WARN_UNDECLARED_SELECTOR = YES;
				GCC_WARN_UNINITIALIZED_AUTOS = YES_AGGRESSIVE;
				GCC_WARN_UNUSED_FUNCTION = YES;
				GCC_WARN_UNUSED_VARIABLE = YES;
				IPHONEOS_DEPLOYMENT_TARGET = 16.2;
				MTL_ENABLE_DEBUG_INFO = NO;
				MTL_FAST_MATH = YES;
				SDKROOT = iphoneos;
				SWIFT_COMPILATION_MODE = wholemodule;
				SWIFT_OPTIMIZATION_LEVEL = "-O";
				VALIDATE_PRODUCT = YES;
			};
			name = Release;
		};
		EE9327C42A3C5E4F0069D4B9 /* Debug */ = {
			isa = XCBuildConfiguration;
			buildSettings = {
				ASSETCATALOG_COMPILER_APPICON_NAME = AppIcon;
				ASSETCATALOG_COMPILER_GLOBAL_ACCENT_COLOR_NAME = AccentColor;
				CODE_SIGN_ENTITLEMENTS = "iOS Deeplink/iOS Deeplink.entitlements";
				CODE_SIGN_STYLE = Automatic;
				CURRENT_PROJECT_VERSION = 1;
				DEVELOPMENT_TEAM = 3BAXPJDM37;
				GENERATE_INFOPLIST_FILE = YES;
				INFOPLIST_FILE = "iOS Deeplink/Info.plist";
				INFOPLIST_KEY_UIApplicationSupportsIndirectInputEvents = YES;
				INFOPLIST_KEY_UILaunchStoryboardName = LaunchScreen.storyboard;
				INFOPLIST_KEY_UIMainStoryboardFile = Main;
				INFOPLIST_KEY_UISupportedInterfaceOrientations_iPad = "UIInterfaceOrientationPortrait UIInterfaceOrientationPortraitUpsideDown UIInterfaceOrientationLandscapeLeft UIInterfaceOrientationLandscapeRight";
				INFOPLIST_KEY_UISupportedInterfaceOrientations_iPhone = "UIInterfaceOrientationPortrait UIInterfaceOrientationLandscapeLeft UIInterfaceOrientationLandscapeRight";
				LD_RUNPATH_SEARCH_PATHS = (
					"$(inherited)",
					"@executable_path/Frameworks",
				);
				MARKETING_VERSION = 1.0;
				PRODUCT_BUNDLE_IDENTIFIER = "com.steer-tech.parkingapp";
				PRODUCT_NAME = "$(TARGET_NAME)";
				SWIFT_EMIT_LOC_STRINGS = YES;
				SWIFT_VERSION = 5.0;
				TARGETED_DEVICE_FAMILY = "1,2";
			};
			name = Debug;
		};
		EE9327C52A3C5E4F0069D4B9 /* Release */ = {
			isa = XCBuildConfiguration;
			buildSettings = {
				ASSETCATALOG_COMPILER_APPICON_NAME = AppIcon;
				ASSETCATALOG_COMPILER_GLOBAL_ACCENT_COLOR_NAME = AccentColor;
				CODE_SIGN_ENTITLEMENTS = "iOS Deeplink/iOS Deeplink.entitlements";
				CODE_SIGN_STYLE = Automatic;
				CURRENT_PROJECT_VERSION = 1;
				DEVELOPMENT_TEAM = 3BAXPJDM37;
				GENERATE_INFOPLIST_FILE = YES;
				INFOPLIST_FILE = "iOS Deeplink/Info.plist";
				INFOPLIST_KEY_UIApplicationSupportsIndirectInputEvents = YES;
				INFOPLIST_KEY_UILaunchStoryboardName = LaunchScreen.storyboard;
				INFOPLIST_KEY_UIMainStoryboardFile = Main;
				INFOPLIST_KEY_UISupportedInterfaceOrientations_iPad = "UIInterfaceOrientationPortrait UIInterfaceOrientationPortraitUpsideDown UIInterfaceOrientationLandscapeLeft UIInterfaceOrientationLandscapeRight";
				INFOPLIST_KEY_UISupportedInterfaceOrientations_iPhone = "UIInterfaceOrientationPortrait UIInterfaceOrientationLandscapeLeft UIInterfaceOrientationLandscapeRight";
				LD_RUNPATH_SEARCH_PATHS = (
					"$(inherited)",
					"@executable_path/Frameworks",
				);
				MARKETING_VERSION = 1.0;
				PRODUCT_BUNDLE_IDENTIFIER = "com.steer-tech.parkingapp";
				PRODUCT_NAME = "$(TARGET_NAME)";
				SWIFT_EMIT_LOC_STRINGS = YES;
				SWIFT_VERSION = 5.0;
				TARGETED_DEVICE_FAMILY = "1,2";
			};
			name = Release;
		};
/* End XCBuildConfiguration section */

/* Begin XCConfigurationList section */
		EE9327AA2A3C5E4D0069D4B9 /* Build configuration list for PBXProject "iOS Deeplink" */ = {
			isa = XCConfigurationList;
			buildConfigurations = (
				EE9327C12A3C5E4F0069D4B9 /* Debug */,
				EE9327C22A3C5E4F0069D4B9 /* Release */,
			);
			defaultConfigurationIsVisible = 0;
			defaultConfigurationName = Release;
		};
		EE9327C32A3C5E4F0069D4B9 /* Build configuration list for PBXNativeTarget "iOS Deeplink" */ = {
			isa = XCConfigurationList;
			buildConfigurations = (
				EE9327C42A3C5E4F0069D4B9 /* Debug */,
				EE9327C52A3C5E4F0069D4B9 /* Release */,
			);
			defaultConfigurationIsVisible = 0;
			defaultConfigurationName = Release;
		};
/* End XCConfigurationList section */

/* Begin XCRemoteSwiftPackageReference section */
		EE9327C62A3C5F710069D4B9 /* XCRemoteSwiftPackageReference "firebase-ios-sdk" */ = {
			isa = XCRemoteSwiftPackageReference;
			repositoryURL = "https://github.com/firebase/firebase-ios-sdk";
			requirement = {
				branch = master;
				kind = branch;
			};
		};
/* End XCRemoteSwiftPackageReference section */

/* Begin XCSwiftPackageProductDependency section */
		EE9327C72A3C5F710069D4B9 /* FirebaseDynamicLinks */ = {
			isa = XCSwiftPackageProductDependency;
			package = EE9327C62A3C5F710069D4B9 /* XCRemoteSwiftPackageReference "firebase-ios-sdk" */;
			productName = FirebaseDynamicLinks;
		};
/* End XCSwiftPackageProductDependency section */
	};
	rootObject = EE9327A72A3C5E4D0069D4B9 /* Project object */;
}
